
Microsoft Visual Studio Solution File, Format Version 12.00
# Visual Studio Version 17
VisualStudioVersion = 17.10.35013.160
MinimumVisualStudioVersion = 10.0.40219.1
Project("{8BC9CEB8-8B4A-11D0-8D11-00A0C91BC942}") = "Task1", "Task1\Task1.vcxproj", "{87CE428A-B566-466F-AD14-E5B17EFE0AFD}"
EndProject
Project("{8BC9CEB8-8B4A-11D0-8D11-00A0C91BC942}") = "Task_1_2", "Task_1_2\Task_1_2.vcxproj", "{430F449A-085C-4692-8FFA-BCFF53B49C10}"
EndProject
Project("{8BC9CEB8-8B4A-11D0-8D11-00A0C91BC942}") = "Task_1_3", "Task_1_3\Task_1_3.vcxproj", "{376281AA-F6DE-4213-9681-457BF527735B}"
EndProject
Project("{8BC9CEB8-8B4A-11D0-8D11-00A0C91BC942}") = "Task_1_4", "Task_1_4\Task_1_4.vcxproj", "{FD9B2628-5CE7-4640-B439-C2C38F6ED4DE}"
EndProject
Project("{8BC9CEB8-8B4A-11D0-8D11-00A0C91BC942}") = "Task_1_5", "Task1_5\Task1_5.vcxproj", "{E6E2C0CD-9E65-408B-9444-644EDE6A4BE1}"
EndProject
Project("{8BC9CEB8-8B4A-11D0-8D11-00A0C91BC942}") = "Task_1_6", "Task1_6\Task1_6.vcxproj", "{61C490F2-9923-435D-BBF7-2D83E28FFB9F}"
EndProject
Project("{8BC9CEB8-8B4A-11D0-8D11-00A0C91BC942}") = "Task_1_7", "Task_1_7\Task_1_7.vcxproj", "{508066FC-E5E1-408A-8E2D-27F0CB6D6187}"
EndProject
Project("{8BC9CEB8-8B4A-11D0-8D11-00A0C91BC942}") = "Task_11", "Task_11\Task_11.vcxproj", "{E85CF778-48A8-4183-8986-E0FFA6321262}"
EndProject
Project("{8BC9CEB8-8B4A-11D0-8D11-00A0C91BC942}") = "Task_13", "Task_13\Task_13.vcxproj", "{60CCC7D1-4B6A-4933-9F16-6B4C0F1A596E}"
EndProject
Project("{8BC9CEB8-8B4A-11D0-8D11-00A0C91BC942}") = "Task_14", "Task_14\Task_14.vcxproj", "{A75CC492-35C2-45E5-A4DC-F39A10911EEF}"
EndProject
Project("{8BC9CEB8-8B4A-11D0-8D11-00A0C91BC942}") = "Task_15", "Task_15\Task_15.vcxproj", "{EE05B6CB-8E21-4F64-AF68-91D159DB8584}"
EndProject
Project("{8BC9CEB8-8B4A-11D0-8D11-00A0C91BC942}") = "Task_16", "Task_16\Task_16.vcxproj", "{A3A03808-E45E-47FF-A57A-9D507295A02A}"
EndProject
Project("{8BC9CEB8-8B4A-11D0-8D11-00A0C91BC942}") = "PolygonSlice", "PolygonSlice\PolygonSlice.vcxproj", "{F8F79096-34B7-441C-A5EB-FC823583CEAB}"
EndProject
Project("{8BC9CEB8-8B4A-11D0-8D11-00A0C91BC942}") = "Task_17", "Task_17\Task_17.vcxproj", "{BA565657-F7CC-4B3D-BD54-337851C70509}"
EndProject
Project("{8BC9CEB8-8B4A-11D0-8D11-00A0C91BC942}") = "Task_18", "Task_18\Task_18.vcxproj", "{6D20AA5F-F442-4C18-B79C-DA6FBE102A56}"
EndProject
Project("{8BC9CEB8-8B4A-11D0-8D11-00A0C91BC942}") = "Task_19", "Task_19\Task_19.vcxproj", "{FDF31A77-76AC-407C-A309-ABF4F2E20B9A}"
EndProject
Project("{8BC9CEB8-8B4A-11D0-8D11-00A0C91BC942}") = "Task_20", "Task_20\Task_20.vcxproj", "{FC419E56-E71D-4760-8CE5-3D48F4CAA25E}"
EndProject
Project("{8BC9CEB8-8B4A-11D0-8D11-00A0C91BC942}") = "Task_24", "Task_21\Task_21.vcxproj", "{AA9E3A2C-6731-463B-98DE-F3DE2E831752}"
EndProject
Project("{8BC9CEB8-8B4A-11D0-8D11-00A0C91BC942}") = "Task_25", "Task_25\Task_25.vcxproj", "{5D86809B-C533-42C4-A5A7-339D691EFF62}"
EndProject
Project("{8BC9CEB8-8B4A-11D0-8D11-00A0C91BC942}") = "Game", "Game\Game.vcxproj", "{373AE5A7-013D-435C-9F99-74165113BEAA}"
EndProject
Global
	GlobalSection(SolutionConfigurationPlatforms) = preSolution
		Debug|x64 = Debug|x64
		Debug|x86 = Debug|x86
		Release|x64 = Release|x64
		Release|x86 = Release|x86
	EndGlobalSection
	GlobalSection(ProjectConfigurationPlatforms) = postSolution
		{87CE428A-B566-466F-AD14-E5B17EFE0AFD}.Debug|x64.ActiveCfg = Debug|x64
		{87CE428A-B566-466F-AD14-E5B17EFE0AFD}.Debug|x64.Build.0 = Debug|x64
		{87CE428A-B566-466F-AD14-E5B17EFE0AFD}.Debug|x86.ActiveCfg = Debug|Win32
		{87CE428A-B566-466F-AD14-E5B17EFE0AFD}.Debug|x86.Build.0 = Debug|Win32
		{87CE428A-B566-466F-AD14-E5B17EFE0AFD}.Release|x64.ActiveCfg = Release|x64
		{87CE428A-B566-466F-AD14-E5B17EFE0AFD}.Release|x64.Build.0 = Release|x64
		{87CE428A-B566-466F-AD14-E5B17EFE0AFD}.Release|x86.ActiveCfg = Release|Win32
		{87CE428A-B566-466F-AD14-E5B17EFE0AFD}.Release|x86.Build.0 = Release|Win32
		{430F449A-085C-4692-8FFA-BCFF53B49C10}.Debug|x64.ActiveCfg = Debug|x64
		{430F449A-085C-4692-8FFA-BCFF53B49C10}.Debug|x64.Build.0 = Debug|x64
		{430F449A-085C-4692-8FFA-BCFF53B49C10}.Debug|x86.ActiveCfg = Debug|Win32
		{430F449A-085C-4692-8FFA-BCFF53B49C10}.Debug|x86.Build.0 = Debug|Win32
		{430F449A-085C-4692-8FFA-BCFF53B49C10}.Release|x64.ActiveCfg = Release|x64
		{430F449A-085C-4692-8FFA-BCFF53B49C10}.Release|x64.Build.0 = Release|x64
		{430F449A-085C-4692-8FFA-BCFF53B49C10}.Release|x86.ActiveCfg = Release|Win32
		{430F449A-085C-4692-8FFA-BCFF53B49C10}.Release|x86.Build.0 = Release|Win32
		{376281AA-F6DE-4213-9681-457BF527735B}.Debug|x64.ActiveCfg = Debug|x64
		{376281AA-F6DE-4213-9681-457BF527735B}.Debug|x64.Build.0 = Debug|x64
		{376281AA-F6DE-4213-9681-457BF527735B}.Debug|x86.ActiveCfg = Debug|Win32
		{376281AA-F6DE-4213-9681-457BF527735B}.Debug|x86.Build.0 = Debug|Win32
		{376281AA-F6DE-4213-9681-457BF527735B}.Release|x64.ActiveCfg = Release|x64
		{376281AA-F6DE-4213-9681-457BF527735B}.Release|x64.Build.0 = Release|x64
		{376281AA-F6DE-4213-9681-457BF527735B}.Release|x86.ActiveCfg = Release|Win32
		{376281AA-F6DE-4213-9681-457BF527735B}.Release|x86.Build.0 = Release|Win32
		{FD9B2628-5CE7-4640-B439-C2C38F6ED4DE}.Debug|x64.ActiveCfg = Debug|x64
		{FD9B2628-5CE7-4640-B439-C2C38F6ED4DE}.Debug|x64.Build.0 = Debug|x64
		{FD9B2628-5CE7-4640-B439-C2C38F6ED4DE}.Debug|x86.ActiveCfg = Debug|Win32
		{FD9B2628-5CE7-4640-B439-C2C38F6ED4DE}.Debug|x86.Build.0 = Debug|Win32
		{FD9B2628-5CE7-4640-B439-C2C38F6ED4DE}.Release|x64.ActiveCfg = Release|x64
		{FD9B2628-5CE7-4640-B439-C2C38F6ED4DE}.Release|x64.Build.0 = Release|x64
		{FD9B2628-5CE7-4640-B439-C2C38F6ED4DE}.Release|x86.ActiveCfg = Release|Win32
		{FD9B2628-5CE7-4640-B439-C2C38F6ED4DE}.Release|x86.Build.0 = Release|Win32
		{E6E2C0CD-9E65-408B-9444-644EDE6A4BE1}.Debug|x64.ActiveCfg = Debug|x64
		{E6E2C0CD-9E65-408B-9444-644EDE6A4BE1}.Debug|x64.Build.0 = Debug|x64
		{E6E2C0CD-9E65-408B-9444-644EDE6A4BE1}.Debug|x86.ActiveCfg = Debug|Win32
		{E6E2C0CD-9E65-408B-9444-644EDE6A4BE1}.Debug|x86.Build.0 = Debug|Win32
		{E6E2C0CD-9E65-408B-9444-644EDE6A4BE1}.Release|x64.ActiveCfg = Release|x64
		{E6E2C0CD-9E65-408B-9444-644EDE6A4BE1}.Release|x64.Build.0 = Release|x64
		{E6E2C0CD-9E65-408B-9444-644EDE6A4BE1}.Release|x86.ActiveCfg = Release|Win32
		{E6E2C0CD-9E65-408B-9444-644EDE6A4BE1}.Release|x86.Build.0 = Release|Win32
		{61C490F2-9923-435D-BBF7-2D83E28FFB9F}.Debug|x64.ActiveCfg = Debug|x64
		{61C490F2-9923-435D-BBF7-2D83E28FFB9F}.Debug|x64.Build.0 = Debug|x64
		{61C490F2-9923-435D-BBF7-2D83E28FFB9F}.Debug|x86.ActiveCfg = Debug|Win32
		{61C490F2-9923-435D-BBF7-2D83E28FFB9F}.Debug|x86.Build.0 = Debug|Win32
		{61C490F2-9923-435D-BBF7-2D83E28FFB9F}.Release|x64.ActiveCfg = Release|x64
		{61C490F2-9923-435D-BBF7-2D83E28FFB9F}.Release|x64.Build.0 = Release|x64
		{61C490F2-9923-435D-BBF7-2D83E28FFB9F}.Release|x86.ActiveCfg = Release|Win32
		{61C490F2-9923-435D-BBF7-2D83E28FFB9F}.Release|x86.Build.0 = Release|Win32
		{508066FC-E5E1-408A-8E2D-27F0CB6D6187}.Debug|x64.ActiveCfg = Debug|x64
		{508066FC-E5E1-408A-8E2D-27F0CB6D6187}.Debug|x64.Build.0 = Debug|x64
		{508066FC-E5E1-408A-8E2D-27F0CB6D6187}.Debug|x86.ActiveCfg = Debug|Win32
		{508066FC-E5E1-408A-8E2D-27F0CB6D6187}.Debug|x86.Build.0 = Debug|Win32
		{508066FC-E5E1-408A-8E2D-27F0CB6D6187}.Release|x64.ActiveCfg = Release|x64
		{508066FC-E5E1-408A-8E2D-27F0CB6D6187}.Release|x64.Build.0 = Release|x64
		{508066FC-E5E1-408A-8E2D-27F0CB6D6187}.Release|x86.ActiveCfg = Release|Win32
		{508066FC-E5E1-408A-8E2D-27F0CB6D6187}.Release|x86.Build.0 = Release|Win32
		{E85CF778-48A8-4183-8986-E0FFA6321262}.Debug|x64.ActiveCfg = Debug|x64
		{E85CF778-48A8-4183-8986-E0FFA6321262}.Debug|x64.Build.0 = Debug|x64
		{E85CF778-48A8-4183-8986-E0FFA6321262}.Debug|x86.ActiveCfg = Debug|Win32
		{E85CF778-48A8-4183-8986-E0FFA6321262}.Debug|x86.Build.0 = Debug|Win32
		{E85CF778-48A8-4183-8986-E0FFA6321262}.Release|x64.ActiveCfg = Release|x64
		{E85CF778-48A8-4183-8986-E0FFA6321262}.Release|x64.Build.0 = Release|x64
		{E85CF778-48A8-4183-8986-E0FFA6321262}.Release|x86.ActiveCfg = Release|Win32
		{E85CF778-48A8-4183-8986-E0FFA6321262}.Release|x86.Build.0 = Release|Win32
		{60CCC7D1-4B6A-4933-9F16-6B4C0F1A596E}.Debug|x64.ActiveCfg = Debug|x64
		{60CCC7D1-4B6A-4933-9F16-6B4C0F1A596E}.Debug|x64.Build.0 = Debug|x64
		{60CCC7D1-4B6A-4933-9F16-6B4C0F1A596E}.Debug|x86.ActiveCfg = Debug|Win32
		{60CCC7D1-4B6A-4933-9F16-6B4C0F1A596E}.Debug|x86.Build.0 = Debug|Win32
		{60CCC7D1-4B6A-4933-9F16-6B4C0F1A596E}.Release|x64.ActiveCfg = Release|x64
		{60CCC7D1-4B6A-4933-9F16-6B4C0F1A596E}.Release|x64.Build.0 = Release|x64
		{60CCC7D1-4B6A-4933-9F16-6B4C0F1A596E}.Release|x86.ActiveCfg = Release|Win32
		{60CCC7D1-4B6A-4933-9F16-6B4C0F1A596E}.Release|x86.Build.0 = Release|Win32
		{A75CC492-35C2-45E5-A4DC-F39A10911EEF}.Debug|x64.ActiveCfg = Debug|x64
		{A75CC492-35C2-45E5-A4DC-F39A10911EEF}.Debug|x64.Build.0 = Debug|x64
		{A75CC492-35C2-45E5-A4DC-F39A10911EEF}.Debug|x86.ActiveCfg = Debug|Win32
		{A75CC492-35C2-45E5-A4DC-F39A10911EEF}.Debug|x86.Build.0 = Debug|Win32
		{A75CC492-35C2-45E5-A4DC-F39A10911EEF}.Release|x64.ActiveCfg = Release|x64
		{A75CC492-35C2-45E5-A4DC-F39A10911EEF}.Release|x64.Build.0 = Release|x64
		{A75CC492-35C2-45E5-A4DC-F39A10911EEF}.Release|x86.ActiveCfg = Release|Win32
		{A75CC492-35C2-45E5-A4DC-F39A10911EEF}.Release|x86.Build.0 = Release|Win32
		{EE05B6CB-8E21-4F64-AF68-91D159DB8584}.Debug|x64.ActiveCfg = Debug|x64
		{EE05B6CB-8E21-4F64-AF68-91D159DB8584}.Debug|x64.Build.0 = Debug|x64
		{EE05B6CB-8E21-4F64-AF68-91D159DB8584}.Debug|x86.ActiveCfg = Debug|Win32
		{EE05B6CB-8E21-4F64-AF68-91D159DB8584}.Debug|x86.Build.0 = Debug|Win32
		{EE05B6CB-8E21-4F64-AF68-91D159DB8584}.Release|x64.ActiveCfg = Release|x64
		{EE05B6CB-8E21-4F64-AF68-91D159DB8584}.Release|x64.Build.0 = Release|x64
		{EE05B6CB-8E21-4F64-AF68-91D159DB8584}.Release|x86.ActiveCfg = Release|Win32
		{EE05B6CB-8E21-4F64-AF68-91D159DB8584}.Release|x86.Build.0 = Release|Win32
		{A3A03808-E45E-47FF-A57A-9D507295A02A}.Debug|x64.ActiveCfg = Debug|x64
		{A3A03808-E45E-47FF-A57A-9D507295A02A}.Debug|x64.Build.0 = Debug|x64
		{A3A03808-E45E-47FF-A57A-9D507295A02A}.Debug|x86.ActiveCfg = Debug|Win32
		{A3A03808-E45E-47FF-A57A-9D507295A02A}.Debug|x86.Build.0 = Debug|Win32
		{A3A03808-E45E-47FF-A57A-9D507295A02A}.Release|x64.ActiveCfg = Release|x64
		{A3A03808-E45E-47FF-A57A-9D507295A02A}.Release|x64.Build.0 = Release|x64
		{A3A03808-E45E-47FF-A57A-9D507295A02A}.Release|x86.ActiveCfg = Release|Win32
		{A3A03808-E45E-47FF-A57A-9D507295A02A}.Release|x86.Build.0 = Release|Win32
		{F8F79096-34B7-441C-A5EB-FC823583CEAB}.Debug|x64.ActiveCfg = Debug|x64
		{F8F79096-34B7-441C-A5EB-FC823583CEAB}.Debug|x64.Build.0 = Debug|x64
		{F8F79096-34B7-441C-A5EB-FC823583CEAB}.Debug|x86.ActiveCfg = Debug|Win32
		{F8F79096-34B7-441C-A5EB-FC823583CEAB}.Debug|x86.Build.0 = Debug|Win32
		{F8F79096-34B7-441C-A5EB-FC823583CEAB}.Release|x64.ActiveCfg = Release|x64
		{F8F79096-34B7-441C-A5EB-FC823583CEAB}.Release|x64.Build.0 = Release|x64
		{F8F79096-34B7-441C-A5EB-FC823583CEAB}.Release|x86.ActiveCfg = Release|Win32
		{F8F79096-34B7-441C-A5EB-FC823583CEAB}.Release|x86.Build.0 = Release|Win32
		{BA565657-F7CC-4B3D-BD54-337851C70509}.Debug|x64.ActiveCfg = Debug|x64
		{BA565657-F7CC-4B3D-BD54-337851C70509}.Debug|x64.Build.0 = Debug|x64
		{BA565657-F7CC-4B3D-BD54-337851C70509}.Debug|x86.ActiveCfg = Debug|Win32
		{BA565657-F7CC-4B3D-BD54-337851C70509}.Debug|x86.Build.0 = Debug|Win32
		{BA565657-F7CC-4B3D-BD54-337851C70509}.Release|x64.ActiveCfg = Release|x64
		{BA565657-F7CC-4B3D-BD54-337851C70509}.Release|x64.Build.0 = Release|x64
		{BA565657-F7CC-4B3D-BD54-337851C70509}.Release|x86.ActiveCfg = Release|Win32
		{BA565657-F7CC-4B3D-BD54-337851C70509}.Release|x86.Build.0 = Release|Win32
		{6D20AA5F-F442-4C18-B79C-DA6FBE102A56}.Debug|x64.ActiveCfg = Debug|x64
		{6D20AA5F-F442-4C18-B79C-DA6FBE102A56}.Debug|x64.Build.0 = Debug|x64
		{6D20AA5F-F442-4C18-B79C-DA6FBE102A56}.Debug|x86.ActiveCfg = Debug|Win32
		{6D20AA5F-F442-4C18-B79C-DA6FBE102A56}.Debug|x86.Build.0 = Debug|Win32
		{6D20AA5F-F442-4C18-B79C-DA6FBE102A56}.Release|x64.ActiveCfg = Release|x64
		{6D20AA5F-F442-4C18-B79C-DA6FBE102A56}.Release|x64.Build.0 = Release|x64
		{6D20AA5F-F442-4C18-B79C-DA6FBE102A56}.Release|x86.ActiveCfg = Release|Win32
		{6D20AA5F-F442-4C18-B79C-DA6FBE102A56}.Release|x86.Build.0 = Release|Win32
		{FDF31A77-76AC-407C-A309-ABF4F2E20B9A}.Debug|x64.ActiveCfg = Debug|x64
		{FDF31A77-76AC-407C-A309-ABF4F2E20B9A}.Debug|x64.Build.0 = Debug|x64
		{FDF31A77-76AC-407C-A309-ABF4F2E20B9A}.Debug|x86.ActiveCfg = Debug|Win32
		{FDF31A77-76AC-407C-A309-ABF4F2E20B9A}.Debug|x86.Build.0 = Debug|Win32
		{FDF31A77-76AC-407C-A309-ABF4F2E20B9A}.Release|x64.ActiveCfg = Release|x64
		{FDF31A77-76AC-407C-A309-ABF4F2E20B9A}.Release|x64.Build.0 = Release|x64
		{FDF31A77-76AC-407C-A309-ABF4F2E20B9A}.Release|x86.ActiveCfg = Release|Win32
		{FDF31A77-76AC-407C-A309-ABF4F2E20B9A}.Release|x86.Build.0 = Release|Win32
		{FC419E56-E71D-4760-8CE5-3D48F4CAA25E}.Debug|x64.ActiveCfg = Debug|x64
		{FC419E56-E71D-4760-8CE5-3D48F4CAA25E}.Debug|x64.Build.0 = Debug|x64
		{FC419E56-E71D-4760-8CE5-3D48F4CAA25E}.Debug|x86.ActiveCfg = Debug|Win32
		{FC419E56-E71D-4760-8CE5-3D48F4CAA25E}.Debug|x86.Build.0 = Debug|Win32
		{FC419E56-E71D-4760-8CE5-3D48F4CAA25E}.Release|x64.ActiveCfg = Release|x64
		{FC419E56-E71D-4760-8CE5-3D48F4CAA25E}.Release|x64.Build.0 = Release|x64
		{FC419E56-E71D-4760-8CE5-3D48F4CAA25E}.Release|x86.ActiveCfg = Release|Win32
		{FC419E56-E71D-4760-8CE5-3D48F4CAA25E}.Release|x86.Build.0 = Release|Win32
		{AA9E3A2C-6731-463B-98DE-F3DE2E831752}.Debug|x64.ActiveCfg = Debug|x64
		{AA9E3A2C-6731-463B-98DE-F3DE2E831752}.Debug|x64.Build.0 = Debug|x64
		{AA9E3A2C-6731-463B-98DE-F3DE2E831752}.Debug|x86.ActiveCfg = Debug|Win32
		{AA9E3A2C-6731-463B-98DE-F3DE2E831752}.Debug|x86.Build.0 = Debug|Win32
		{AA9E3A2C-6731-463B-98DE-F3DE2E831752}.Release|x64.ActiveCfg = Release|x64
		{AA9E3A2C-6731-463B-98DE-F3DE2E831752}.Release|x64.Build.0 = Release|x64
		{AA9E3A2C-6731-463B-98DE-F3DE2E831752}.Release|x86.ActiveCfg = Release|Win32
		{AA9E3A2C-6731-463B-98DE-F3DE2E831752}.Release|x86.Build.0 = Release|Win32
		{5D86809B-C533-42C4-A5A7-339D691EFF62}.Debug|x64.ActiveCfg = Debug|x64
		{5D86809B-C533-42C4-A5A7-339D691EFF62}.Debug|x64.Build.0 = Debug|x64
		{5D86809B-C533-42C4-A5A7-339D691EFF62}.Debug|x86.ActiveCfg = Debug|Win32
		{5D86809B-C533-42C4-A5A7-339D691EFF62}.Debug|x86.Build.0 = Debug|Win32
		{5D86809B-C533-42C4-A5A7-339D691EFF62}.Release|x64.ActiveCfg = Release|x64
		{5D86809B-C533-42C4-A5A7-339D691EFF62}.Release|x64.Build.0 = Release|x64
		{5D86809B-C533-42C4-A5A7-339D691EFF62}.Release|x86.ActiveCfg = Release|Win32
		{5D86809B-C533-42C4-A5A7-339D691EFF62}.Release|x86.Build.0 = Release|Win32
		{373AE5A7-013D-435C-9F99-74165113BEAA}.Debug|x64.ActiveCfg = Debug|x64
		{373AE5A7-013D-435C-9F99-74165113BEAA}.Debug|x64.Build.0 = Debug|x64
		{373AE5A7-013D-435C-9F99-74165113BEAA}.Debug|x86.ActiveCfg = Debug|Win32
		{373AE5A7-013D-435C-9F99-74165113BEAA}.Debug|x86.Build.0 = Debug|Win32
		{373AE5A7-013D-435C-9F99-74165113BEAA}.Release|x64.ActiveCfg = Release|x64
		{373AE5A7-013D-435C-9F99-74165113BEAA}.Release|x64.Build.0 = Release|x64
		{373AE5A7-013D-435C-9F99-74165113BEAA}.Release|x86.ActiveCfg = Release|Win32
		{373AE5A7-013D-435C-9F99-74165113BEAA}.Release|x86.Build.0 = Release|Win32
	EndGlobalSection
	GlobalSection(SolutionProperties) = preSolution
		HideSolutionNode = FALSE
	EndGlobalSection
	GlobalSection(ExtensibilityGlobals) = postSolution
		SolutionGuid = {8E2F35FF-97E1-4FE7-B3B6-408064E36852}
	EndGlobalSection
EndGlobal
